
Microsoft Visual Studio Solution File, Format Version 12.00
# Visual Studio Version 17
VisualStudioVersion = 17.14.37027.9 d17.14
MinimumVisualStudioVersion = 10.0.40219.1
Project("{FAE04EC0-301F-11D3-BF4B-00C04F79EFBC}") = "EFCoreLab03", "EFCoreLab03.csproj", "{C87A3400-80F7-44B7-91B8-E830F9417144}"
EndProject
Global
	GlobalSection(SolutionConfigurationPlatforms) = preSolution
		Debug|Any CPU = Debug|Any CPU
		Release|Any CPU = Release|Any CPU
	EndGlobalSection
	GlobalSection(ProjectConfigurationPlatforms) = postSolution
		{C87A3400-80F7-44B7-91B8-E830F9417144}.Debug|Any CPU.ActiveCfg = Debug|Any CPU
		{C87A3400-80F7-44B7-91B8-E830F9417144}.Debug|Any CPU.Build.0 = Debug|Any CPU
		{C87A3400-80F7-44B7-91B8-E830F9417144}.Release|Any CPU.ActiveCfg = Release|Any CPU
		{C87A3400-80F7-44B7-91B8-E830F9417144}.Release|Any CPU.Build.0 = Release|Any CPU
	EndGlobalSection
	GlobalSection(SolutionProperties) = preSolution
		HideSolutionNode = FALSE
	EndGlobalSection
	GlobalSection(ExtensibilityGlobals) = postSolution
		SolutionGuid = {6702D032-A1E4-447E-8A95-86C0C0807E44}
	EndGlobalSection
EndGlobal
